<?xml version="1.0" encoding="utf-8"?>
<Project ToolsVersion="4.0" xmlns="http://schemas.microsoft.com/developer/msbuild/2003">
  <ItemGroup>
    <ClInclude Include="src\board_utility.hpp" />
    <ClInclude Include="src\board_space_dispatch.hpp" />
    <ClInclude Include="src\card_draw.hpp" />
    <ClInclude Include="src\card_dispatch.hpp" />
    <ClInclude Include="src\cash.hpp" />
    <ClInclude Include="src\game_analysis.hpp" />
    <ClInclude Include="src\game_core.hpp" />
    <ClInclude Include="src\game_state.hpp" />
    <ClInclude Include="src\forced_sale.hpp" />
    <ClInclude Include="src\player_strategy.hpp" />
    <ClInclude Include="src\position.hpp" />
    <ClInclude Include="src\property_sell.hpp" />
    <ClInclude Include="src\property_query.hpp" />
    <ClInclude Include="src\random.hpp" />
    <ClInclude Include="src\rent.hpp" />
    <ClInclude Include="src\statistics.hpp" />
    <ClInclude Include="src\turn_logic.hpp" />
    <ClInclude Include="src\safe_numeric.hpp" />
    <ClInclude Include="src\generic_sell_to_bank_iface.hpp" />
    <ClInclude Include="src\cash_basic.hpp" />
    <ClInclude Include="src\card_constants.hpp" />
    <ClInclude Include="src\board_space_effects.hpp" />
    <ClInclude Include="src\gameplay_constants.hpp" />
    <ClInclude Include="src\asset_surrender.hpp" />
    <ClInclude Include="src\board_space_constants.hpp" />
    <ClInclude Include="src\card_effects.hpp" />
    <ClInclude Include="src\common_constants.hpp" />
    <ClInclude Include="src\common_types.hpp" />
    <ClInclude Include="src\generic_sell_to_bank.hpp" />
    <ClInclude Include="src\movement.hpp" />
    <ClInclude Include="src\property_auction.hpp" />
    <ClInclude Include="src\property_buy.hpp" />
    <ClInclude Include="src\property_constants.hpp" />
    <ClInclude Include="src\property_values.hpp" />
    <ClInclude Include="src\rent_constants.hpp" />
    <ClInclude Include="src\static_vector.hpp" />
  </ItemGroup>
  <ItemGroup>
    <ClCompile Include="src\main.cpp" />
  </ItemGroup>
</Project>